// !$*UTF8*$!
{
	archiveVersion = 1;
	classes = {
	};
	objectVersion = 55;
	objects = {

/* Begin PBXBuildFile section */
		C01C77B4281C906000A9A9B3 /* GetStartedView.swift in Sources */ = {isa = PBXBuildFile; fileRef = C01C77B3281C906000A9A9B3 /* GetStartedView.swift */; };
		C01C77B6281C916700A9A9B3 /* UIScreen.swift in Sources */ = {isa = PBXBuildFile; fileRef = C01C77B5281C916700A9A9B3 /* UIScreen.swift */; };
		C03784852819D45200956E6B /* Be_HealthyApp.swift in Sources */ = {isa = PBXBuildFile; fileRef = C03784842819D45200956E6B /* Be_HealthyApp.swift */; };
		C03784892819D45400956E6B /* Assets.xcassets in Resources */ = {isa = PBXBuildFile; fileRef = C03784882819D45400956E6B /* Assets.xcassets */; };
		C037848C2819D45400956E6B /* Preview Assets.xcassets in Resources */ = {isa = PBXBuildFile; fileRef = C037848B2819D45400956E6B /* Preview Assets.xcassets */; };
		C03784972819D49E00956E6B /* LoginView.swift in Sources */ = {isa = PBXBuildFile; fileRef = C03784962819D49E00956E6B /* LoginView.swift */; };
		C03784992819DA1300956E6B /* HomeView.swift in Sources */ = {isa = PBXBuildFile; fileRef = C03784982819DA1300956E6B /* HomeView.swift */; };
		C037849D2819DE8800956E6B /* ViewExtension.swift in Sources */ = {isa = PBXBuildFile; fileRef = C037849C2819DE8800956E6B /* ViewExtension.swift */; };
/* End PBXBuildFile section */

/* Begin PBXFileReference section */
		C01C77B3281C906000A9A9B3 /* GetStartedView.swift */ = {isa = PBXFileReference; lastKnownFileType = sourcecode.swift; path = GetStartedView.swift; sourceTree = "<group>"; };
		C01C77B5281C916700A9A9B3 /* UIScreen.swift */ = {isa = PBXFileReference; lastKnownFileType = sourcecode.swift; path = UIScreen.swift; sourceTree = "<group>"; };
		C03784812819D45200956E6B /* Be Healthy.app */ = {isa = PBXFileReference; explicitFileType = wrapper.application; includeInIndex = 0; path = "Be Healthy.app"; sourceTree = BUILT_PRODUCTS_DIR; };
		C03784842819D45200956E6B /* Be_HealthyApp.swift */ = {isa = PBXFileReference; lastKnownFileType = sourcecode.swift; path = Be_HealthyApp.swift; sourceTree = "<group>"; };
		C03784882819D45400956E6B /* Assets.xcassets */ = {isa = PBXFileReference; lastKnownFileType = folder.assetcatalog; path = Assets.xcassets; sourceTree = "<group>"; };
		C037848B2819D45400956E6B /* Preview Assets.xcassets */ = {isa = PBXFileReference; lastKnownFileType = folder.assetcatalog; path = "Preview Assets.xcassets"; sourceTree = "<group>"; };
		C03784962819D49E00956E6B /* LoginView.swift */ = {isa = PBXFileReference; lastKnownFileType = sourcecode.swift; path = LoginView.swift; sourceTree = "<group>"; };
		C03784982819DA1300956E6B /* HomeView.swift */ = {isa = PBXFileReference; lastKnownFileType = sourcecode.swift; path = HomeView.swift; sourceTree = "<group>"; };
		C037849C2819DE8800956E6B /* ViewExtension.swift */ = {isa = PBXFileReference; lastKnownFileType = sourcecode.swift; path = ViewExtension.swift; sourceTree = "<group>"; };
/* End PBXFileReference section */

/* Begin PBXFrameworksBuildPhase section */
		C037847E2819D45200956E6B /* Frameworks */ = {
			isa = PBXFrameworksBuildPhase;
			buildActionMask = 2147483647;
			files = (
			);
			runOnlyForDeploymentPostprocessing = 0;
		};
/* End PBXFrameworksBuildPhase section */

/* Begin PBXGroup section */
		C03784782819D45200956E6B = {
			isa = PBXGroup;
			children = (
				C03784832819D45200956E6B /* Be Healthy */,
				C03784822819D45200956E6B /* Products */,
			);
			sourceTree = "<group>";
		};
		C03784822819D45200956E6B /* Products */ = {
			isa = PBXGroup;
			children = (
				C03784812819D45200956E6B /* Be Healthy.app */,
			);
			name = Products;
			sourceTree = "<group>";
		};
		C03784832819D45200956E6B /* Be Healthy */ = {
			isa = PBXGroup;
			children = (
				C037849B2819DE7D00956E6B /* Extensions */,
				C037849A2819DAE200956E6B /* Widgets */,
				C03784952819D48A00956E6B /* App */,
				C03784942819D47A00956E6B /* Assets */,
				C03784932819D47100956E6B /* Views */,
				C03784922819D46800956E6B /* Data */,
				C037848A2819D45400956E6B /* Preview Content */,
			);
			path = "Be Healthy";
			sourceTree = "<group>";
		};
		C037848A2819D45400956E6B /* Preview Content */ = {
			isa = PBXGroup;
			children = (
				C037848B2819D45400956E6B /* Preview Assets.xcassets */,
			);
			path = "Preview Content";
			sourceTree = "<group>";
		};
		C03784922819D46800956E6B /* Data */ = {
			isa = PBXGroup;
			children = (
			);
			path = Data;
			sourceTree = "<group>";
		};
		C03784932819D47100956E6B /* Views */ = {
			isa = PBXGroup;
			children = (
				C03784962819D49E00956E6B /* LoginView.swift */,
				C03784982819DA1300956E6B /* HomeView.swift */,
				C01C77B3281C906000A9A9B3 /* GetStartedView.swift */,
			);
			path = Views;
			sourceTree = "<group>";
		};
		C03784942819D47A00956E6B /* Assets */ = {
			isa = PBXGroup;
			children = (
				C03784882819D45400956E6B /* Assets.xcassets */,
			);
			path = Assets;
			sourceTree = "<group>";
		};
		C03784952819D48A00956E6B /* App */ = {
			isa = PBXGroup;
			children = (
				C03784842819D45200956E6B /* Be_HealthyApp.swift */,
			);
			path = App;
			sourceTree = "<group>";
		};
		C037849A2819DAE200956E6B /* Widgets */ = {
			isa = PBXGroup;
			children = (
			);
			path = Widgets;
			sourceTree = "<group>";
		};
		C037849B2819DE7D00956E6B /* Extensions */ = {
			isa = PBXGroup;
			children = (
				C037849C2819DE8800956E6B /* ViewExtension.swift */,
				C01C77B5281C916700A9A9B3 /* UIScreen.swift */,
			);
			path = Extensions;
			sourceTree = "<group>";
		};
/* End PBXGroup section */

/* Begin PBXNativeTarget section */
		C03784802819D45200956E6B /* Be Healthy */ = {
			isa = PBXNativeTarget;
			buildConfigurationList = C037848F2819D45400956E6B /* Build configuration list for PBXNativeTarget "Be Healthy" */;
			buildPhases = (
				C037847D2819D45200956E6B /* Sources */,
				C037847E2819D45200956E6B /* Frameworks */,
				C037847F2819D45200956E6B /* Resources */,
			);
			buildRules = (
			);
			dependencies = (
			);
			name = "Be Healthy";
			productName = "Be Healthy";
			productReference = C03784812819D45200956E6B /* Be Healthy.app */;
			productType = "com.apple.product-type.application";
		};
/* End PBXNativeTarget section */

/* Begin PBXProject section */
		C03784792819D45200956E6B /* Project object */ = {
			isa = PBXProject;
			attributes = {
				BuildIndependentTargetsInParallel = 1;
				LastSwiftUpdateCheck = 1330;
				LastUpgradeCheck = 1330;
				TargetAttributes = {
					C03784802819D45200956E6B = {
						CreatedOnToolsVersion = 13.3.1;
					};
				};
			};
			buildConfigurationList = C037847C2819D45200956E6B /* Build configuration list for PBXProject "Be Healthy" */;
			compatibilityVersion = "Xcode 13.0";
			developmentRegion = en;
			hasScannedForEncodings = 0;
			knownRegions = (
				en,
				Base,
			);
			mainGroup = C03784782819D45200956E6B;
			productRefGroup = C03784822819D45200956E6B /* Products */;
			projectDirPath = "";
			projectRoot = "";
			targets = (
				C03784802819D45200956E6B /* Be Healthy */,
			);
		};
/* End PBXProject section */

/* Begin PBXResourcesBuildPhase section */
		C037847F2819D45200956E6B /* Resources */ = {
			isa = PBXResourcesBuildPhase;
			buildActionMask = 2147483647;
			files = (
				C037848C2819D45400956E6B /* Preview Assets.xcassets in Resources */,
				C03784892819D45400956E6B /* Assets.xcassets in Resources */,
			);
			runOnlyForDeploymentPostprocessing = 0;
		};
/* End PBXResourcesBuildPhase section */

/* Begin PBXSourcesBuildPhase section */
		C037847D2819D45200956E6B /* Sources */ = {
			isa = PBXSourcesBuildPhase;
			buildActionMask = 2147483647;
			files = (
				C03784992819DA1300956E6B /* HomeView.swift in Sources */,
				C01C77B6281C916700A9A9B3 /* UIScreen.swift in Sources */,
				C03784972819D49E00956E6B /* LoginView.swift in Sources */,
				C037849D2819DE8800956E6B /* ViewExtension.swift in Sources */,
				C03784852819D45200956E6B /* Be_HealthyApp.swift in Sources */,
				C01C77B4281C906000A9A9B3 /* GetStartedView.swift in Sources */,
			);
			runOnlyForDeploymentPostprocessing = 0;
		};
/* End PBXSourcesBuildPhase section */

/* Begin XCBuildConfiguration section */
		C037848D2819D45400956E6B /* Debug */ = {
			isa = XCBuildConfiguration;
			buildSettings = {
				ALWAYS_SEARCH_USER_PATHS = NO;
				CLANG_ANALYZER_NONNULL = YES;
				CLANG_ANALYZER_NUMBER_OBJECT_CONVERSION = YES_AGGRESSIVE;
				CLANG_CXX_LANGUAGE_STANDARD = "gnu++17";
				CLANG_ENABLE_MODULES = YES;
				CLANG_ENABLE_OBJC_ARC = YES;
				CLANG_ENABLE_OBJC_WEAK = YES;
				CLANG_WARN_BLOCK_CAPTURE_AUTORELEASING = YES;
				CLANG_WARN_BOOL_CONVERSION = YES;
				CLANG_WARN_COMMA = YES;
				CLANG_WARN_CONSTANT_CONVERSION = YES;
				CLANG_WARN_DEPRECATED_OBJC_IMPLEMENTATIONS = YES;
				CLANG_WARN_DIRECT_OBJC_ISA_USAGE = YES_ERROR;
				CLANG_WARN_DOCUMENTATION_COMMENTS = YES;
				CLANG_WARN_EMPTY_BODY = YES;
				CLANG_WARN_ENUM_CONVERSION = YES;
				CLANG_WARN_INFINITE_RECURSION = YES;
				CLANG_WARN_INT_CONVERSION = YES;
				CLANG_WARN_NON_LITERAL_NULL_CONVERSION = YES;
				CLANG_WARN_OBJC_IMPLICIT_RETAIN_SELF = YES;
				CLANG_WARN_OBJC_LITERAL_CONVERSION = YES;
				CLANG_WARN_OBJC_ROOT_CLASS = YES_ERROR;
				CLANG_WARN_QUOTED_INCLUDE_IN_FRAMEWORK_HEADER = YES;
				CLANG_WARN_RANGE_LOOP_ANALYSIS = YES;
				CLANG_WARN_STRICT_PROTOTYPES = YES;
				CLANG_WARN_SUSPICIOUS_MOVE = YES;
				CLANG_WARN_UNGUARDED_AVAILABILITY = YES_AGGRESSIVE;
				CLANG_WARN_UNREACHABLE_CODE = YES;
				CLANG_WARN__DUPLICATE_METHOD_MATCH = YES;
				COPY_PHASE_STRIP = NO;
				DEBUG_INFORMATION_FORMAT = dwarf;
				ENABLE_STRICT_OBJC_MSGSEND = YES;
				ENABLE_TESTABILITY = YES;
				GCC_C_LANGUAGE_STANDARD = gnu11;
				GCC_DYNAMIC_NO_PIC = NO;
				GCC_NO_COMMON_BLOCKS = YES;
				GCC_OPTIMIZATION_LEVEL = 0;
				GCC_PREPROCESSOR_DEFINITIONS = (
					"DEBUG=1",
					"$(inherited)",
				);
				GCC_WARN_64_TO_32_BIT_CONVERSION = YES;
				GCC_WARN_ABOUT_RETURN_TYPE = YES_ERROR;
				GCC_WARN_UNDECLARED_SELECTOR = YES;
				GCC_WARN_UNINITIALIZED_AUTOS = YES_AGGRESSIVE;
				GCC_WARN_UNUSED_FUNCTION = YES;
				GCC_WARN_UNUSED_VARIABLE = YES;
				IPHONEOS_DEPLOYMENT_TARGET = 15.4;
				MTL_ENABLE_DEBUG_INFO = INCLUDE_SOURCE;
				MTL_FAST_MATH = YES;
				ONLY_ACTIVE_ARCH = YES;
				SDKROOT = iphoneos;
				SWIFT_ACTIVE_COMPILATION_CONDITIONS = DEBUG;
				SWIFT_OPTIMIZATION_LEVEL = "-Onone";
			};
			name = Debug;
		};
		C037848E2819D45400956E6B /* Release */ = {
			isa = XCBuildConfiguration;
			buildSettings = {
				ALWAYS_SEARCH_USER_PATHS = NO;
				CLANG_ANALYZER_NONNULL = YES;
				CLANG_ANALYZER_NUMBER_OBJECT_CONVERSION = YES_AGGRESSIVE;
				CLANG_CXX_LANGUAGE_STANDARD = "gnu++17";
				CLANG_ENABLE_MODULES = YES;
				CLANG_ENABLE_OBJC_ARC = YES;
				CLANG_ENABLE_OBJC_WEAK = YES;
				CLANG_WARN_BLOCK_CAPTURE_AUTORELEASING = YES;
				CLANG_WARN_BOOL_CONVERSION = YES;
				CLANG_WARN_COMMA = YES;
				CLANG_WARN_CONSTANT_CONVERSION = YES;
				CLANG_WARN_DEPRECATED_OBJC_IMPLEMENTATIONS = YES;
				CLANG_WARN_DIRECT_OBJC_ISA_USAGE = YES_ERROR;
				CLANG_WARN_DOCUMENTATION_COMMENTS = YES;
				CLANG_WARN_EMPTY_BODY = YES;
				CLANG_WARN_ENUM_CONVERSION = YES;
				CLANG_WARN_INFINITE_RECURSION = YES;
				CLANG_WARN_INT_CONVERSION = YES;
				CLANG_WARN_NON_LITERAL_NULL_CONVERSION = YES;
				CLANG_WARN_OBJC_IMPLICIT_RETAIN_SELF = YES;
				CLANG_WARN_OBJC_LITERAL_CONVERSION = YES;
				CLANG_WARN_OBJC_ROOT_CLASS = YES_ERROR;
				CLANG_WARN_QUOTED_INCLUDE_IN_FRAMEWORK_HEADER = YES;
				CLANG_WARN_RANGE_LOOP_ANALYSIS = YES;
				CLANG_WARN_STRICT_PROTOTYPES = YES;
				CLANG_WARN_SUSPICIOUS_MOVE = YES;
				CLANG_WARN_UNGUARDED_AVAILABILITY = YES_AGGRESSIVE;
				CLANG_WARN_UNREACHABLE_CODE = YES;
				CLANG_WARN__DUPLICATE_METHOD_MATCH = YES;
				COPY_PHASE_STRIP = NO;
				DEBUG_INFORMATION_FORMAT = "dwarf-with-dsym";
				ENABLE_NS_ASSERTIONS = NO;
				ENABLE_STRICT_OBJC_MSGSEND = YES;
				GCC_C_LANGUAGE_STANDARD = gnu11;
				GCC_NO_COMMON_BLOCKS = YES;
				GCC_WARN_64_TO_32_BIT_CONVERSION = YES;
				GCC_WARN_ABOUT_RETURN_TYPE = YES_ERROR;
				GCC_WARN_UNDECLARED_SELECTOR = YES;
				GCC_WARN_UNINITIALIZED_AUTOS = YES_AGGRESSIVE;
				GCC_WARN_UNUSED_FUNCTION = YES;
				GCC_WARN_UNUSED_VARIABLE = YES;
				IPHONEOS_DEPLOYMENT_TARGET = 15.4;
				MTL_ENABLE_DEBUG_INFO = NO;
				MTL_FAST_MATH = YES;
				SDKROOT = iphoneos;
				SWIFT_COMPILATION_MODE = wholemodule;
				SWIFT_OPTIMIZATION_LEVEL = "-O";
				VALIDATE_PRODUCT = YES;
			};
			name = Release;
		};
		C03784902819D45400956E6B /* Debug */ = {
			isa = XCBuildConfiguration;
			buildSettings = {
				ASSETCATALOG_COMPILER_APPICON_NAME = AppIcon;
				ASSETCATALOG_COMPILER_GLOBAL_ACCENT_COLOR_NAME = AccentColor;
				CODE_SIGN_STYLE = Automatic;
				CURRENT_PROJECT_VERSION = 1;
				DEVELOPMENT_ASSET_PATHS = "\"Be Healthy/Preview Content\"";
				DEVELOPMENT_TEAM = 9Z86N6X4FM;
				ENABLE_PREVIEWS = YES;
				GENERATE_INFOPLIST_FILE = YES;
				INFOPLIST_KEY_UIApplicationSceneManifest_Generation = YES;
				INFOPLIST_KEY_UIApplicationSupportsIndirectInputEvents = YES;
				INFOPLIST_KEY_UILaunchScreen_Generation = YES;
				INFOPLIST_KEY_UISupportedInterfaceOrientations_iPad = "UIInterfaceOrientationPortrait UIInterfaceOrientationPortraitUpsideDown UIInterfaceOrientationLandscapeLeft UIInterfaceOrientationLandscapeRight";
				INFOPLIST_KEY_UISupportedInterfaceOrientations_iPhone = "UIInterfaceOrientationPortrait UIInterfaceOrientationLandscapeLeft UIInterfaceOrientationLandscapeRight";
				LD_RUNPATH_SEARCH_PATHS = (
					"$(inherited)",
					"@executable_path/Frameworks",
				);
				MARKETING_VERSION = 1.0;
				PRODUCT_BUNDLE_IDENTIFIER = "com.carlosamaral.Be-Healthy";
				PRODUCT_NAME = "$(TARGET_NAME)";
				SWIFT_EMIT_LOC_STRINGS = YES;
				SWIFT_VERSION = 5.0;
				TARGETED_DEVICE_FAMILY = "1,2";
			};
			name = Debug;
		};
		C03784912819D45400956E6B /* Release */ = {
			isa = XCBuildConfiguration;
			buildSettings = {
				ASSETCATALOG_COMPILER_APPICON_NAME = AppIcon;
				ASSETCATALOG_COMPILER_GLOBAL_ACCENT_COLOR_NAME = AccentColor;
				CODE_SIGN_STYLE = Automatic;
				CURRENT_PROJECT_VERSION = 1;
				DEVELOPMENT_ASSET_PATHS = "\"Be Healthy/Preview Content\"";
				DEVELOPMENT_TEAM = 9Z86N6X4FM;
				ENABLE_PREVIEWS = YES;
				GENERATE_INFOPLIST_FILE = YES;
				INFOPLIST_KEY_UIApplicationSceneManifest_Generation = YES;
				INFOPLIST_KEY_UIApplicationSupportsIndirectInputEvents = YES;
				INFOPLIST_KEY_UILaunchScreen_Generation = YES;
				INFOPLIST_KEY_UISupportedInterfaceOrientations_iPad = "UIInterfaceOrientationPortrait UIInterfaceOrientationPortraitUpsideDown UIInterfaceOrientationLandscapeLeft UIInterfaceOrientationLandscapeRight";
				INFOPLIST_KEY_UISupportedInterfaceOrientations_iPhone = "UIInterfaceOrientationPortrait UIInterfaceOrientationLandscapeLeft UIInterfaceOrientationLandscapeRight";
				LD_RUNPATH_SEARCH_PATHS = (
					"$(inherited)",
					"@executable_path/Frameworks",
				);
				MARKETING_VERSION = 1.0;
				PRODUCT_BUNDLE_IDENTIFIER = "com.carlosamaral.Be-Healthy";
				PRODUCT_NAME = "$(TARGET_NAME)";
				SWIFT_EMIT_LOC_STRINGS = YES;
				SWIFT_VERSION = 5.0;
				TARGETED_DEVICE_FAMILY = "1,2";
			};
			name = Release;
		};
/* End XCBuildConfiguration section */

/* Begin XCConfigurationList section */
		C037847C2819D45200956E6B /* Build configuration list for PBXProject "Be Healthy" */ = {
			isa = XCConfigurationList;
			buildConfigurations = (
				C037848D2819D45400956E6B /* Debug */,
				C037848E2819D45400956E6B /* Release */,
			);
			defaultConfigurationIsVisible = 0;
			defaultConfigurationName = Release;
		};
		C037848F2819D45400956E6B /* Build configuration list for PBXNativeTarget "Be Healthy" */ = {
			isa = XCConfigurationList;
			buildConfigurations = (
				C03784902819D45400956E6B /* Debug */,
				C03784912819D45400956E6B /* Release */,
			);
			defaultConfigurationIsVisible = 0;
			defaultConfigurationName = Release;
		};
/* End XCConfigurationList section */
	};
	rootObject = C03784792819D45200956E6B /* Project object */;
}
